
Microsoft Visual Studio Solution File, Format Version 12.00
# Visual Studio Version 16
VisualStudioVersion = 16.0.31624.102
MinimumVisualStudioVersion = 10.0.40219.1
Project("{FAE04EC0-301F-11D3-BF4B-00C04F79EFBC}") = "BINANCE888", "BINANCE888\BINANCE888.csproj", "{5CBD373A-9E41-4EF9-858F-BBC144442D71}"
EndProject
Global
	GlobalSection(SolutionConfigurationPlatforms) = preSolution
		Debug|Any CPU = Debug|Any CPU
		Release|Any CPU = Release|Any CPU
	EndGlobalSection
	GlobalSection(ProjectConfigurationPlatforms) = postSolution
		{5CBD373A-9E41-4EF9-858F-BBC144442D71}.Debug|Any CPU.ActiveCfg = Debug|Any CPU
		{5CBD373A-9E41-4EF9-858F-BBC144442D71}.Debug|Any CPU.Build.0 = Debug|Any CPU
		{5CBD373A-9E41-4EF9-858F-BBC144442D71}.Release|Any CPU.ActiveCfg = Release|Any CPU
		{5CBD373A-9E41-4EF9-858F-BBC144442D71}.Release|Any CPU.Build.0 = Release|Any CPU
	EndGlobalSection
	GlobalSection(SolutionProperties) = preSolution
		HideSolutionNode = FALSE
	EndGlobalSection
	GlobalSection(ExtensibilityGlobals) = postSolution
		SolutionGuid = {D9B7E523-6761-4ED3-A423-B844DDA4F527}
	EndGlobalSection
EndGlobal
